{
    "version": 3,
    "terraform_version": "0.11.5",
    "serial": 12,
    "lineage": "6522b904-1291-4a56-28a6-286ffbebd2e6",
    "modules": [
        {
            "path": [
                "root"
            ],
            "outputs": {
                "private_ip": {
                    "sensitive": false,
                    "type": "string",
                    "value": "172.33.1.171"
                }
            },
            "resources": {
                "aws_instance.windows1": {
                    "type": "aws_instance",
                    "depends_on": [
                        "aws_security_group.prod_sg"
                    ],
                    "primary": {
                        "id": "i-063a9af4bd98bca7b",
                        "attributes": {
                            "ami": "ami-9c6b8dfb",
                            "associate_public_ip_address": "true",
                            "availability_zone": "eu-west-2a",
                            "disable_api_termination": "false",
                            "ebs_block_device.#": "0",
                            "ebs_optimized": "false",
                            "ephemeral_block_device.#": "0",
                            "get_password_data": "false",
                            "iam_instance_profile": "",
                            "id": "i-063a9af4bd98bca7b",
                            "instance_state": "running",
                            "instance_type": "t2.micro",
                            "ipv6_addresses.#": "0",
                            "key_name": "LMLinux",
                            "monitoring": "false",
                            "network_interface.#": "0",
                            "network_interface_id": "eni-c3947897",
                            "password_data": "",
                            "placement_group": "",
                            "primary_network_interface_id": "eni-c3947897",
                            "private_dns": "ip-172-33-1-171.eu-west-2.compute.internal",
                            "private_ip": "172.33.1.171",
                            "public_dns": "",
                            "public_ip": "35.178.165.109",
                            "root_block_device.#": "1",
                            "root_block_device.0.delete_on_termination": "true",
                            "root_block_device.0.iops": "100",
                            "root_block_device.0.volume_id": "vol-0d36a9a923504a8eb",
                            "root_block_device.0.volume_size": "30",
                            "root_block_device.0.volume_type": "gp2",
                            "security_groups.#": "0",
                            "source_dest_check": "true",
                            "subnet_id": "subnet-04743a7f",
                            "tags.%": "4",
                            "tags.Application_Name": "Test Application",
                            "tags.Environment": "Prod",
                            "tags.Name": "Windows1",
                            "tags.Owner": "ANS",
                            "tenancy": "default",
                            "user_data": "7cd284f143ca56f20dc86f9be2f2aec9e6e28df1",
                            "volume_tags.%": "0",
                            "vpc_security_group_ids.#": "1",
                            "vpc_security_group_ids.3707725268": "sg-a8f410c3"
                        },
                        "meta": {
                            "e2bfb730-ecaa-11e6-8f88-34363bc7c4c0": {
                                "create": 600000000000,
                                "delete": 1200000000000,
                                "update": 600000000000
                            },
                            "schema_version": "1"
                        },
                        "tainted": false
                    },
                    "deposed": [],
                    "provider": "provider.aws"
                },
                "aws_security_group.prod_sg": {
                    "type": "aws_security_group",
                    "depends_on": [],
                    "primary": {
                        "id": "sg-a8f410c3",
                        "attributes": {
                            "arn": "arn:aws:ec2:eu-west-2:906126374964:security-group/sg-a8f410c3",
                            "description": "Prod Security Group",
                            "egress.#": "0",
                            "id": "sg-a8f410c3",
                            "ingress.#": "1",
                            "ingress.2223400681.cidr_blocks.#": "1",
                            "ingress.2223400681.cidr_blocks.0": "0.0.0.0/0",
                            "ingress.2223400681.description": "",
                            "ingress.2223400681.from_port": "3389",
                            "ingress.2223400681.ipv6_cidr_blocks.#": "0",
                            "ingress.2223400681.protocol": "tcp",
                            "ingress.2223400681.security_groups.#": "0",
                            "ingress.2223400681.self": "false",
                            "ingress.2223400681.to_port": "3389",
                            "name": "Prod_SG",
                            "owner_id": "906126374964",
                            "revoke_rules_on_delete": "false",
                            "tags.%": "0",
                            "vpc_id": "vpc-5c623e35"
                        },
                        "meta": {
                            "e2bfb730-ecaa-11e6-8f88-34363bc7c4c0": {
                                "create": 600000000000,
                                "delete": 600000000000
                            },
                            "schema_version": "1"
                        },
                        "tainted": false
                    },
                    "deposed": [],
                    "provider": "provider.aws"
                }
            },
            "depends_on": []
        }
    ]
}
